[[package]]
name = "mysql-connector-python"
version = "8.0.24"
description = "MySQL driver written in Python"
category = "main"
optional = false
python-versions = "*"

[package.dependencies]
protobuf = ">=3.0.0"

[package.extras]
compression = ["lz4 (>=2.1.6)", "zstandard (>=0.12.0)"]
dns-srv = ["dnspython (>=1.16.0)"]
gssapi = ["gssapi (>=1.6.9)"]

[[package]]
name = "protobuf"
version = "3.15.8"
description = "Protocol Buffers"
category = "main"
optional = false
python-versions = "*"

[package.dependencies]
six = ">=1.9"

[[package]]
name = "six"
version = "1.15.0"
description = "Python 2 and 3 compatibility utilities"
category = "main"
optional = false
python-versions = ">=2.7, !=3.0.*, !=3.1.*, !=3.2.*"

[metadata]
lock-version = "1.1"
python-versions = "^3.8"
content-hash = "89a7f9ee89a1b3a19c69e795635627898888ed40ec82fb58bf13cefc813409b6"

[metadata.files]
mysql-connector-python = [
    {file = "mysql-connector-python-8.0.24.tar.gz", hash = "sha256:13acb968c2b9ed165a569d5144a6fe6bb2b3073385b43387a2568e97979157d1"},
    {file = "mysql_connector_python-8.0.24-cp36-cp36m-manylinux1_i686.whl", hash = "sha256:e39a72bb3e9c2082be16396838dd905f2fa0a545898cd06c913d0519b58b5619"},
    {file = "mysql_connector_python-8.0.24-cp36-cp36m-manylinux1_x86_64.whl", hash = "sha256:41b1c1992181dd2f2c3ee8f4f13230baa22cf2872d40ba94bc8790a07aa27dc9"},
    {file = "mysql_connector_python-8.0.24-cp36-cp36m-win_amd64.whl", hash = "sha256:b3d92d57f145a79cf8e57ab9ecdae8acf3c5c631a9483a3e52450b473e08a8dd"},
    {file = "mysql_connector_python-8.0.24-cp37-cp37m-macosx_11_0_x86_64.whl", hash = "sha256:23a327e20dd048ad421465f6f946127b316b9c5aeb9fb85a037703fe71ccf6de"},
    {file = "mysql_connector_python-8.0.24-cp37-cp37m-manylinux1_i686.whl", hash = "sha256:5f5d49ffb563c6c0fe9b607cab02a7cf98814677f8d4a66e0acdfec521f91db2"},
    {file = "mysql_connector_python-8.0.24-cp37-cp37m-manylinux1_x86_64.whl", hash = "sha256:1be5cbb864c43ab86618e8bff0a489c2393fb788b9b789ce357933c8d56a64a8"},
    {file = "mysql_connector_python-8.0.24-cp37-cp37m-win_amd64.whl", hash = "sha256:3aa9366e4ef69f5a4349719d4ec2a7c59dac584de7e01cec5bb1c34b557377a5"},
    {file = "mysql_connector_python-8.0.24-cp38-cp38-macosx_11_0_x86_64.whl", hash = "sha256:644f3ec2da1b36acfba5f286b36422aad42760284d6fd9585c17a93e5c667663"},
    {file = "mysql_connector_python-8.0.24-cp38-cp38-manylinux1_i686.whl", hash = "sha256:73f0fb24ff5ffc49811efd6514ce48393ced8615d070dfefe2c4cddb9302a2e7"},
    {file = "mysql_connector_python-8.0.24-cp38-cp38-manylinux1_x86_64.whl", hash = "sha256:e2734f01b8416aec9d0e506889522ee2ea8666afee433f3595df1e9c57057cdf"},
    {file = "mysql_connector_python-8.0.24-cp38-cp38-win_amd64.whl", hash = "sha256:1cf8e667e16fa02c31ff83e8069f6e99d0a61f99e2a6b2ed364e48591d83fb52"},
    {file = "mysql_connector_python-8.0.24-cp39-cp39-macosx_11_0_x86_64.whl", hash = "sha256:2665ccdf682bdf12f09fa40bad96167014c3ff53250483fa19068dd465ad5821"},
    {file = "mysql_connector_python-8.0.24-cp39-cp39-manylinux1_i686.whl", hash = "sha256:9bb84e8cee2668d4f202ed7298bb52c08b85e22aee9a05f2b2176cb0ca786cc3"},
    {file = "mysql_connector_python-8.0.24-cp39-cp39-manylinux1_x86_64.whl", hash = "sha256:e46ea2b7df8e3a525b3121f831290fac32a94553ef91d56ed02557236dbd14c0"},
    {file = "mysql_connector_python-8.0.24-cp39-cp39-win_amd64.whl", hash = "sha256:2a6d672b5ec7860977c9c7c3ab55d57227157853b7dac035d04e5d869d41b45f"},
    {file = "mysql_connector_python-8.0.24-py2.py3-none-any.whl", hash = "sha256:528fbdf2f4ee700b38579aad6969939cce294aa9644a1ba8479aa2c169804074"},
]
protobuf = [
    {file = "protobuf-3.15.8-cp27-cp27m-macosx_10_9_x86_64.whl", hash = "sha256:fad4f971ec38d8df7f4b632c819bf9bbf4f57cfd7312cf526c69ce17ef32436a"},
    {file = "protobuf-3.15.8-cp27-cp27mu-manylinux1_x86_64.whl", hash = "sha256:f17b352d7ce33c81773cf81d536ca70849de6f73c96413f17309f4b43ae7040b"},
    {file = "protobuf-3.15.8-cp35-cp35m-macosx_10_9_intel.whl", hash = "sha256:4a054b0b5900b7ea7014099e783fb8c4618e4209fffcd6050857517b3f156e18"},
    {file = "protobuf-3.15.8-cp35-cp35m-manylinux1_x86_64.whl", hash = "sha256:efa4c4d4fc9ba734e5e85eaced70e1b63fb3c8d08482d839eb838566346f1737"},
    {file = "protobuf-3.15.8-cp35-cp35m-win32.whl", hash = "sha256:07eec4e2ccbc74e95bb9b3afe7da67957947ee95bdac2b2e91b038b832dd71f0"},
    {file = "protobuf-3.15.8-cp35-cp35m-win_amd64.whl", hash = "sha256:f9cadaaa4065d5dd4d15245c3b68b967b3652a3108e77f292b58b8c35114b56c"},
    {file = "protobuf-3.15.8-cp36-cp36m-macosx_10_9_x86_64.whl", hash = "sha256:2dc0e8a9e4962207bdc46a365b63a3f1aca6f9681a5082a326c5837ef8f4b745"},
    {file = "protobuf-3.15.8-cp36-cp36m-manylinux1_x86_64.whl", hash = "sha256:f80afc0a0ba13339bbab25ca0409e9e2836b12bb012364c06e97c2df250c3343"},
    {file = "protobuf-3.15.8-cp36-cp36m-win32.whl", hash = "sha256:c5566f956a26cda3abdfacc0ca2e21db6c9f3d18f47d8d4751f2209d6c1a5297"},
    {file = "protobuf-3.15.8-cp36-cp36m-win_amd64.whl", hash = "sha256:dab75b56a12b1ceb3e40808b5bd9dfdaef3a1330251956e6744e5b6ed8f8830b"},
    {file = "protobuf-3.15.8-cp37-cp37m-macosx_10_9_x86_64.whl", hash = "sha256:3053f13207e7f13dc7be5e9071b59b02020172f09f648e85dc77e3fcb50d1044"},
    {file = "protobuf-3.15.8-cp37-cp37m-manylinux1_x86_64.whl", hash = "sha256:1f0b5d156c3df08cc54bc2c8b8b875648ea4cd7ebb2a9a130669f7547ec3488c"},
    {file = "protobuf-3.15.8-cp37-cp37m-win32.whl", hash = "sha256:90270fe5732c1f1ff664a3bd7123a16456d69b4e66a09a139a00443a32f210b8"},
    {file = "protobuf-3.15.8-cp37-cp37m-win_amd64.whl", hash = "sha256:f42c2f5fb67da5905bfc03733a311f72fa309252bcd77c32d1462a1ad519521e"},
    {file = "protobuf-3.15.8-cp38-cp38-macosx_10_9_x86_64.whl", hash = "sha256:f6077db37bfa16494dca58a4a02bfdacd87662247ad6bc1f7f8d13ff3f0013e1"},
    {file = "protobuf-3.15.8-cp38-cp38-manylinux1_x86_64.whl", hash = "sha256:510e66491f1a5ac5953c908aa8300ec47f793130097e4557482803b187a8ee05"},
    {file = "protobuf-3.15.8-cp39-cp39-macosx_10_9_x86_64.whl", hash = "sha256:5ff9fa0e67fcab442af9bc8d4ec3f82cb2ff3be0af62dba047ed4187f0088b7d"},
    {file = "protobuf-3.15.8-cp39-cp39-manylinux1_x86_64.whl", hash = "sha256:1c0e9e56202b9dccbc094353285a252e2b7940b74fdf75f1b4e1b137833fabd7"},
    {file = "protobuf-3.15.8-py2.py3-none-any.whl", hash = "sha256:a0a08c6b2e6d6c74a6eb5bf6184968eefb1569279e78714e239d33126e753403"},
    {file = "protobuf-3.15.8.tar.gz", hash = "sha256:0277f62b1e42210cafe79a71628c1d553348da81cbd553402a7f7549c50b11d0"},
]
six = [
    {file = "six-1.15.0-py2.py3-none-any.whl", hash = "sha256:8b74bedcbbbaca38ff6d7491d76f2b06b3592611af620f8426e82dddb04a5ced"},
    {file = "six-1.15.0.tar.gz", hash = "sha256:30639c035cdb23534cd4aa2dd52c3bf48f06e5f4a941509c8bafd8ce11080259"},
]
