[[package]]
name = "appdirs"
version = "1.4.4"
description = "A small Python module for determining appropriate platform-specific dirs, e.g. a \"user data dir\"."
category = "main"
optional = false
python-versions = "*"

[[package]]
name = "asgiref"
version = "3.3.4"
description = "ASGI specs, helper code, and adapters"
category = "main"
optional = false
python-versions = ">=3.6"

[package.extras]
tests = ["pytest", "pytest-asyncio", "mypy (>=0.800)"]

[[package]]
name = "autopep8"
version = "1.5.7"
description = "A tool that automatically formats Python code to conform to the PEP 8 style guide"
category = "main"
optional = false
python-versions = "*"

[package.dependencies]
pycodestyle = ">=2.7.0"
toml = "*"

[[package]]
name = "beautifulsoup4"
version = "4.9.3"
description = "Screen-scraping library"
category = "main"
optional = false
python-versions = "*"

[package.dependencies]
soupsieve = {version = ">1.2", markers = "python_version >= \"3.0\""}

[package.extras]
html5lib = ["html5lib"]
lxml = ["lxml"]

[[package]]
name = "certifi"
version = "2021.5.30"
description = "Python package for providing Mozilla's CA Bundle."
category = "main"
optional = false
python-versions = "*"

[[package]]
name = "cfgv"
version = "3.3.0"
description = "Validate configuration and produce human readable error messages."
category = "main"
optional = false
python-versions = ">=3.6.1"

[[package]]
name = "chardet"
version = "4.0.0"
description = "Universal encoding detector for Python 2 and 3"
category = "main"
optional = false
python-versions = ">=2.7, !=3.0.*, !=3.1.*, !=3.2.*, !=3.3.*, !=3.4.*"

[[package]]
name = "chromedriver-binary"
version = "90.0.4430.24.0"
description = "Installer for chromedriver."
category = "main"
optional = false
python-versions = "*"

[[package]]
name = "distlib"
version = "0.3.2"
description = "Distribution utilities"
category = "main"
optional = false
python-versions = "*"

[[package]]
name = "django"
version = "3.2.4"
description = "A high-level Python Web framework that encourages rapid development and clean, pragmatic design."
category = "main"
optional = false
python-versions = ">=3.6"

[package.dependencies]
asgiref = ">=3.3.2,<4"
pytz = "*"
sqlparse = ">=0.2.2"

[package.extras]
argon2 = ["argon2-cffi (>=19.1.0)"]
bcrypt = ["bcrypt"]

[[package]]
name = "filelock"
version = "3.0.12"
description = "A platform independent file lock."
category = "main"
optional = false
python-versions = "*"

[[package]]
name = "flake8"
version = "3.9.2"
description = "the modular source code checker: pep8 pyflakes and co"
category = "main"
optional = false
python-versions = "!=3.0.*,!=3.1.*,!=3.2.*,!=3.3.*,!=3.4.*,>=2.7"

[package.dependencies]
mccabe = ">=0.6.0,<0.7.0"
pycodestyle = ">=2.7.0,<2.8.0"
pyflakes = ">=2.3.0,<2.4.0"

[[package]]
name = "gunicorn"
version = "20.1.0"
description = "WSGI HTTP Server for UNIX"
category = "main"
optional = false
python-versions = ">=3.5"

[package.extras]
eventlet = ["eventlet (>=0.24.1)"]
gevent = ["gevent (>=1.4.0)"]
setproctitle = ["setproctitle"]
tornado = ["tornado (>=0.2)"]

[[package]]
name = "identify"
version = "2.2.10"
description = "File identification library for Python"
category = "main"
optional = false
python-versions = ">=3.6.1"

[package.extras]
license = ["editdistance-s"]

[[package]]
name = "idna"
version = "2.10"
description = "Internationalized Domain Names in Applications (IDNA)"
category = "main"
optional = false
python-versions = ">=2.7, !=3.0.*, !=3.1.*, !=3.2.*, !=3.3.*"

[[package]]
name = "invoke"
version = "1.5.0"
description = "Pythonic task execution"
category = "main"
optional = false
python-versions = "*"

[[package]]
name = "joblib"
version = "1.0.1"
description = "Lightweight pipelining with Python functions"
category = "main"
optional = false
python-versions = ">=3.6"

[[package]]
name = "mccabe"
version = "0.6.1"
description = "McCabe checker, plugin for flake8"
category = "main"
optional = false
python-versions = "*"

[[package]]
name = "mecab-python3"
version = "1.0.3"
description = "Python wrapper for the MeCab morphological analyzer for Japanese"
category = "main"
optional = false
python-versions = "*"

[package.extras]
unidic = ["unidic"]
unidic-lite = ["unidic-lite"]

[[package]]
name = "mysql-connector-python"
version = "8.0.25"
description = "MySQL driver written in Python"
category = "main"
optional = false
python-versions = "*"

[package.dependencies]
protobuf = ">=3.0.0"

[package.extras]
compression = ["lz4 (>=2.1.6)", "zstandard (>=0.12.0)"]
dns-srv = ["dnspython (>=1.16.0)"]
gssapi = ["gssapi (>=1.6.9)"]

[[package]]
name = "mysqlclient"
version = "2.0.3"
description = "Python interface to MySQL"
category = "main"
optional = false
python-versions = ">=3.5"

[[package]]
name = "nodeenv"
version = "1.6.0"
description = "Node.js virtual environment builder"
category = "main"
optional = false
python-versions = "*"

[[package]]
name = "numpy"
version = "1.20.3"
description = "NumPy is the fundamental package for array computing with Python."
category = "main"
optional = false
python-versions = ">=3.7"

[[package]]
name = "pre-commit"
version = "2.13.0"
description = "A framework for managing and maintaining multi-language pre-commit hooks."
category = "main"
optional = false
python-versions = ">=3.6.1"

[package.dependencies]
cfgv = ">=2.0.0"
identify = ">=1.0.0"
nodeenv = ">=0.11.1"
pyyaml = ">=5.1"
toml = "*"
virtualenv = ">=20.0.8"

[[package]]
name = "protobuf"
version = "3.17.3"
description = "Protocol Buffers"
category = "main"
optional = false
python-versions = "*"

[package.dependencies]
six = ">=1.9"

[[package]]
name = "pycodestyle"
version = "2.7.0"
description = "Python style guide checker"
category = "main"
optional = false
python-versions = ">=2.7, !=3.0.*, !=3.1.*, !=3.2.*, !=3.3.*"

[[package]]
name = "pyflakes"
version = "2.3.1"
description = "passive checker of Python programs"
category = "main"
optional = false
python-versions = ">=2.7, !=3.0.*, !=3.1.*, !=3.2.*, !=3.3.*"

[[package]]
name = "python-dotenv"
version = "0.17.1"
description = "Read key-value pairs from a .env file and set them as environment variables"
category = "main"
optional = false
python-versions = "*"

[package.extras]
cli = ["click (>=5.0)"]

[[package]]
name = "pytz"
version = "2021.1"
description = "World timezone definitions, modern and historical"
category = "main"
optional = false
python-versions = "*"

[[package]]
name = "pyyaml"
version = "5.4.1"
description = "YAML parser and emitter for Python"
category = "main"
optional = false
python-versions = ">=2.7, !=3.0.*, !=3.1.*, !=3.2.*, !=3.3.*, !=3.4.*, !=3.5.*"

[[package]]
name = "requests"
version = "2.25.1"
description = "Python HTTP for Humans."
category = "main"
optional = false
python-versions = ">=2.7, !=3.0.*, !=3.1.*, !=3.2.*, !=3.3.*, !=3.4.*"

[package.dependencies]
certifi = ">=2017.4.17"
chardet = ">=3.0.2,<5"
idna = ">=2.5,<3"
urllib3 = ">=1.21.1,<1.27"

[package.extras]
security = ["pyOpenSSL (>=0.14)", "cryptography (>=1.3.4)"]
socks = ["PySocks (>=1.5.6,<1.5.7 || >1.5.7)", "win-inet-pton"]

[[package]]
name = "scikit-learn"
version = "0.24.2"
description = "A set of python modules for machine learning and data mining"
category = "main"
optional = false
python-versions = ">=3.6"

[package.dependencies]
joblib = ">=0.11"
numpy = ">=1.13.3"
scipy = ">=0.19.1"
threadpoolctl = ">=2.0.0"

[package.extras]
benchmark = ["matplotlib (>=2.1.1)", "pandas (>=0.25.0)", "memory-profiler (>=0.57.0)"]
docs = ["matplotlib (>=2.1.1)", "scikit-image (>=0.13)", "pandas (>=0.25.0)", "seaborn (>=0.9.0)", "memory-profiler (>=0.57.0)", "sphinx (>=3.2.0)", "sphinx-gallery (>=0.7.0)", "numpydoc (>=1.0.0)", "Pillow (>=7.1.2)", "sphinx-prompt (>=1.3.0)"]
examples = ["matplotlib (>=2.1.1)", "scikit-image (>=0.13)", "pandas (>=0.25.0)", "seaborn (>=0.9.0)"]
tests = ["matplotlib (>=2.1.1)", "scikit-image (>=0.13)", "pandas (>=0.25.0)", "pytest (>=5.0.1)", "pytest-cov (>=2.9.0)", "flake8 (>=3.8.2)", "mypy (>=0.770)", "pyamg (>=4.0.0)"]

[[package]]
name = "scipy"
version = "1.6.1"
description = "SciPy: Scientific Library for Python"
category = "main"
optional = false
python-versions = ">=3.7"

[package.dependencies]
numpy = ">=1.16.5"

[[package]]
name = "selenium"
version = "3.141.0"
description = "Python bindings for Selenium"
category = "main"
optional = false
python-versions = "*"

[package.dependencies]
urllib3 = "*"

[[package]]
name = "six"
version = "1.16.0"
description = "Python 2 and 3 compatibility utilities"
category = "main"
optional = false
python-versions = ">=2.7, !=3.0.*, !=3.1.*, !=3.2.*"

[[package]]
name = "sklearn"
version = "0.0"
description = "A set of python modules for machine learning and data mining"
category = "main"
optional = false
python-versions = "*"

[package.dependencies]
scikit-learn = "*"

[[package]]
name = "soupsieve"
version = "2.2.1"
description = "A modern CSS selector implementation for Beautiful Soup."
category = "main"
optional = false
python-versions = ">=3.6"

[[package]]
name = "sqlparse"
version = "0.4.1"
description = "A non-validating SQL parser."
category = "main"
optional = false
python-versions = ">=3.5"

[[package]]
name = "threadpoolctl"
version = "2.1.0"
description = "threadpoolctl"
category = "main"
optional = false
python-versions = ">=3.5"

[[package]]
name = "toml"
version = "0.10.2"
description = "Python Library for Tom's Obvious, Minimal Language"
category = "main"
optional = false
python-versions = ">=2.6, !=3.0.*, !=3.1.*, !=3.2.*"

[[package]]
name = "urllib3"
version = "1.26.5"
description = "HTTP library with thread-safe connection pooling, file post, and more."
category = "main"
optional = false
python-versions = ">=2.7, !=3.0.*, !=3.1.*, !=3.2.*, !=3.3.*, !=3.4.*, <4"

[package.extras]
brotli = ["brotlipy (>=0.6.0)"]
secure = ["pyOpenSSL (>=0.14)", "cryptography (>=1.3.4)", "idna (>=2.0.0)", "certifi", "ipaddress"]
socks = ["PySocks (>=1.5.6,<1.5.7 || >1.5.7,<2.0)"]

[[package]]
name = "virtualenv"
version = "20.4.7"
description = "Virtual Python Environment builder"
category = "main"
optional = false
python-versions = "!=3.0.*,!=3.1.*,!=3.2.*,!=3.3.*,>=2.7"

[package.dependencies]
appdirs = ">=1.4.3,<2"
distlib = ">=0.3.1,<1"
filelock = ">=3.0.0,<4"
six = ">=1.9.0,<2"

[package.extras]
docs = ["proselint (>=0.10.2)", "sphinx (>=3)", "sphinx-argparse (>=0.2.5)", "sphinx-rtd-theme (>=0.4.3)", "towncrier (>=19.9.0rc1)"]
testing = ["coverage (>=4)", "coverage-enable-subprocess (>=1)", "flaky (>=3)", "pytest (>=4)", "pytest-env (>=0.6.2)", "pytest-freezegun (>=0.4.1)", "pytest-mock (>=2)", "pytest-randomly (>=1)", "pytest-timeout (>=1)", "packaging (>=20.0)", "xonsh (>=0.9.16)"]

[metadata]
lock-version = "1.1"
python-versions = "^3.9"
content-hash = "ac2c7cc23733bd7670fe5c2cc03c6580aed71ebbc61695ee04e44d33fd10eb5e"

[metadata.files]
appdirs = [
    {file = "appdirs-1.4.4-py2.py3-none-any.whl", hash = "sha256:a841dacd6b99318a741b166adb07e19ee71a274450e68237b4650ca1055ab128"},
    {file = "appdirs-1.4.4.tar.gz", hash = "sha256:7d5d0167b2b1ba821647616af46a749d1c653740dd0d2415100fe26e27afdf41"},
]
asgiref = [
    {file = "asgiref-3.3.4-py3-none-any.whl", hash = "sha256:92906c611ce6c967347bbfea733f13d6313901d54dcca88195eaeb52b2a8e8ee"},
    {file = "asgiref-3.3.4.tar.gz", hash = "sha256:d1216dfbdfb63826470995d31caed36225dcaf34f182e0fa257a4dd9e86f1b78"},
]
autopep8 = [
    {file = "autopep8-1.5.7-py2.py3-none-any.whl", hash = "sha256:aa213493c30dcdac99537249ee65b24af0b2c29f2e83cd8b3f68760441ed0db9"},
    {file = "autopep8-1.5.7.tar.gz", hash = "sha256:276ced7e9e3cb22e5d7c14748384a5cf5d9002257c0ed50c0e075b68011bb6d0"},
]
beautifulsoup4 = [
    {file = "beautifulsoup4-4.9.3-py2-none-any.whl", hash = "sha256:4c98143716ef1cb40bf7f39a8e3eec8f8b009509e74904ba3a7b315431577e35"},
    {file = "beautifulsoup4-4.9.3-py3-none-any.whl", hash = "sha256:fff47e031e34ec82bf17e00da8f592fe7de69aeea38be00523c04623c04fb666"},
    {file = "beautifulsoup4-4.9.3.tar.gz", hash = "sha256:84729e322ad1d5b4d25f805bfa05b902dd96450f43842c4e99067d5e1369eb25"},
]
certifi = [
    {file = "certifi-2021.5.30-py2.py3-none-any.whl", hash = "sha256:50b1e4f8446b06f41be7dd6338db18e0990601dce795c2b1686458aa7e8fa7d8"},
    {file = "certifi-2021.5.30.tar.gz", hash = "sha256:2bbf76fd432960138b3ef6dda3dde0544f27cbf8546c458e60baf371917ba9ee"},
]
cfgv = [
    {file = "cfgv-3.3.0-py2.py3-none-any.whl", hash = "sha256:b449c9c6118fe8cca7fa5e00b9ec60ba08145d281d52164230a69211c5d597a1"},
    {file = "cfgv-3.3.0.tar.gz", hash = "sha256:9e600479b3b99e8af981ecdfc80a0296104ee610cab48a5ae4ffd0b668650eb1"},
]
chardet = [
    {file = "chardet-4.0.0-py2.py3-none-any.whl", hash = "sha256:f864054d66fd9118f2e67044ac8981a54775ec5b67aed0441892edb553d21da5"},
    {file = "chardet-4.0.0.tar.gz", hash = "sha256:0d6f53a15db4120f2b08c94f11e7d93d2c911ee118b6b30a04ec3ee8310179fa"},
]
chromedriver-binary = [
    {file = "chromedriver-binary-90.0.4430.24.0.tar.gz", hash = "sha256:2f59290493cb66fb9a6a28590a68dc8cf40773224a52f0e258ab4fc1c6785b33"},
]
distlib = [
    {file = "distlib-0.3.2-py2.py3-none-any.whl", hash = "sha256:23e223426b28491b1ced97dc3bbe183027419dfc7982b4fa2f05d5f3ff10711c"},
    {file = "distlib-0.3.2.zip", hash = "sha256:106fef6dc37dd8c0e2c0a60d3fca3e77460a48907f335fa28420463a6f799736"},
]
django = [
    {file = "Django-3.2.4-py3-none-any.whl", hash = "sha256:ea735cbbbb3b2fba6d4da4784a0043d84c67c92f1fdf15ad6db69900e792c10f"},
    {file = "Django-3.2.4.tar.gz", hash = "sha256:66c9d8db8cc6fe938a28b7887c1596e42d522e27618562517cc8929eb7e7f296"},
]
filelock = [
    {file = "filelock-3.0.12-py3-none-any.whl", hash = "sha256:929b7d63ec5b7d6b71b0fa5ac14e030b3f70b75747cef1b10da9b879fef15836"},
    {file = "filelock-3.0.12.tar.gz", hash = "sha256:18d82244ee114f543149c66a6e0c14e9c4f8a1044b5cdaadd0f82159d6a6ff59"},
]
flake8 = [
    {file = "flake8-3.9.2-py2.py3-none-any.whl", hash = "sha256:bf8fd333346d844f616e8d47905ef3a3384edae6b4e9beb0c5101e25e3110907"},
    {file = "flake8-3.9.2.tar.gz", hash = "sha256:07528381786f2a6237b061f6e96610a4167b226cb926e2aa2b6b1d78057c576b"},
]
gunicorn = [
    {file = "gunicorn-20.1.0-py3-none-any.whl", hash = "sha256:9dcc4547dbb1cb284accfb15ab5667a0e5d1881cc443e0677b4882a4067a807e"},
    {file = "gunicorn-20.1.0.tar.gz", hash = "sha256:e0a968b5ba15f8a328fdfd7ab1fcb5af4470c28aaf7e55df02a99bc13138e6e8"},
]
identify = [
    {file = "identify-2.2.10-py2.py3-none-any.whl", hash = "sha256:18d0c531ee3dbc112fa6181f34faa179de3f57ea57ae2899754f16a7e0ff6421"},
    {file = "identify-2.2.10.tar.gz", hash = "sha256:5b41f71471bc738e7b586308c3fca172f78940195cb3bf6734c1e66fdac49306"},
]
idna = [
    {file = "idna-2.10-py2.py3-none-any.whl", hash = "sha256:b97d804b1e9b523befed77c48dacec60e6dcb0b5391d57af6a65a312a90648c0"},
    {file = "idna-2.10.tar.gz", hash = "sha256:b307872f855b18632ce0c21c5e45be78c0ea7ae4c15c828c20788b26921eb3f6"},
]
invoke = [
    {file = "invoke-1.5.0-py2-none-any.whl", hash = "sha256:da7c2d0be71be83ffd6337e078ef9643f41240024d6b2659e7b46e0b251e339f"},
    {file = "invoke-1.5.0-py3-none-any.whl", hash = "sha256:7e44d98a7dc00c91c79bac9e3007276965d2c96884b3c22077a9f04042bd6d90"},
    {file = "invoke-1.5.0.tar.gz", hash = "sha256:f0c560075b5fb29ba14dad44a7185514e94970d1b9d57dcd3723bec5fed92650"},
]
joblib = [
    {file = "joblib-1.0.1-py3-none-any.whl", hash = "sha256:feeb1ec69c4d45129954f1b7034954241eedfd6ba39b5e9e4b6883be3332d5e5"},
    {file = "joblib-1.0.1.tar.gz", hash = "sha256:9c17567692206d2f3fb9ecf5e991084254fe631665c450b443761c4186a613f7"},
]
mccabe = [
    {file = "mccabe-0.6.1-py2.py3-none-any.whl", hash = "sha256:ab8a6258860da4b6677da4bd2fe5dc2c659cff31b3ee4f7f5d64e79735b80d42"},
    {file = "mccabe-0.6.1.tar.gz", hash = "sha256:dd8d182285a0fe56bace7f45b5e7d1a6ebcbf524e8f3bd87eb0f125271b8831f"},
]
mecab-python3 = [
    {file = "mecab-python3-1.0.3.tar.gz", hash = "sha256:62abe28a1155398325372291483608427bc82681fef80e7d132904415f9fd42e"},
    {file = "mecab_python3-1.0.3-cp35-cp35m-macosx_10_14_x86_64.whl", hash = "sha256:02792fe78a8ff678e5ead2cfb8ba242d44793c43e2ec469e9b6f8a9ef32dd52f"},
    {file = "mecab_python3-1.0.3-cp35-cp35m-manylinux1_x86_64.whl", hash = "sha256:aef526312eb990d0843685b705604424573263d21374c29f381b04a75a42b91b"},
    {file = "mecab_python3-1.0.3-cp35-cp35m-win_amd64.whl", hash = "sha256:d0c2bc63e2684fa2be8bb39ad0c80e852c2819b450a4f573c5f6dc7d8892ba43"},
    {file = "mecab_python3-1.0.3-cp36-cp36m-macosx_10_14_x86_64.whl", hash = "sha256:fd079d7dba4c7d48491e2db5b4aaeb98ca5a21d9b4713857ac6eed8e761286ed"},
    {file = "mecab_python3-1.0.3-cp36-cp36m-manylinux1_x86_64.whl", hash = "sha256:99dae91a1bc574f746fecf68f2aaefde068ce4e67828f89e45e6d69375de20f8"},
    {file = "mecab_python3-1.0.3-cp36-cp36m-win_amd64.whl", hash = "sha256:3bfd9ddba93f81308eb82c8199faf210882d5202000f8f6b88e35b840094e6cb"},
    {file = "mecab_python3-1.0.3-cp37-cp37m-macosx_10_14_x86_64.whl", hash = "sha256:4d9bde34482ce1aa57c0309ce77c0c35e1d058cd5b779e8ea4e0cd223f3e846d"},
    {file = "mecab_python3-1.0.3-cp37-cp37m-manylinux1_x86_64.whl", hash = "sha256:5c8f923a9c4496658dc44b46e012bad9f95ed6f8486ad8b9417d2835649a1265"},
    {file = "mecab_python3-1.0.3-cp37-cp37m-win_amd64.whl", hash = "sha256:3dad694911a1f6da77cc4be4317e3febfeb44d34674a2365f4d507fad58bd0c5"},
    {file = "mecab_python3-1.0.3-cp38-cp38-macosx_10_14_x86_64.whl", hash = "sha256:204aa45f342e7c32a346266ee149a1ce29d51e2c2458841ffc67b4589e96ec6b"},
    {file = "mecab_python3-1.0.3-cp38-cp38-manylinux1_x86_64.whl", hash = "sha256:7202de44c7a077b35fd0e820746415954fe2d61735df9797455023d4c0eb1bc0"},
    {file = "mecab_python3-1.0.3-cp38-cp38-win_amd64.whl", hash = "sha256:4927baddd924079e89bf3d366dfd3fcc47c84e05f9a50a3832d43334250b1253"},
    {file = "mecab_python3-1.0.3-cp39-cp39-macosx_10_14_x86_64.whl", hash = "sha256:cba161eefe02d370cebb20f6a9aaea76c9d93d9372d993014f83865f26e0994a"},
    {file = "mecab_python3-1.0.3-cp39-cp39-manylinux1_x86_64.whl", hash = "sha256:900de8f3c0736875d1bd64e1f1c381bc697afde477bb501c93198b5e0efbe934"},
    {file = "mecab_python3-1.0.3-cp39-cp39-win_amd64.whl", hash = "sha256:ecfa3ce98aef5c79f2e0721d329493588a2cdc1e21cc0147c912b291d6b047b6"},
]
mysql-connector-python = [
    {file = "mysql-connector-python-8.0.25.tar.gz", hash = "sha256:9e4ae0dde777d81dfc18e9eef6a1df20ea17753b2497c326af2e2f784e13a168"},
    {file = "mysql_connector_python-8.0.25-cp36-cp36m-manylinux1_i686.whl", hash = "sha256:ff2def9d07cd100e0afc0180b4a133cdc9b1c94646575b0112bf1993299e794a"},
    {file = "mysql_connector_python-8.0.25-cp36-cp36m-manylinux1_x86_64.whl", hash = "sha256:c8b79dab3aa9227146475b32fa0df1161fc4a0b515c7c0a6993f103f0a565016"},
    {file = "mysql_connector_python-8.0.25-cp36-cp36m-win_amd64.whl", hash = "sha256:9fb7a4c1ef343526ea03313988966ca736131ec0bc1f0eb725ac16067628ca50"},
    {file = "mysql_connector_python-8.0.25-cp37-cp37m-macosx_11_0_x86_64.whl", hash = "sha256:2a2b7054325bd82feeb1fb5b06592eac106ecb5b075b9966841cf96c7f0d57ae"},
    {file = "mysql_connector_python-8.0.25-cp37-cp37m-manylinux1_i686.whl", hash = "sha256:948fd1050e81b5e5363305618ec1221f186f9c23bb0a412cdbddd481d3ca1698"},
    {file = "mysql_connector_python-8.0.25-cp37-cp37m-manylinux1_x86_64.whl", hash = "sha256:81429eda2a130c584397bae235595cce950f7bf99ad915095b5b69d4e17da96d"},
    {file = "mysql_connector_python-8.0.25-cp37-cp37m-win_amd64.whl", hash = "sha256:2cd56d31ecaebfc3ea2321c343ff4c1b0213c6ca3642458374d2d266cf2ad159"},
    {file = "mysql_connector_python-8.0.25-cp38-cp38-macosx_11_0_x86_64.whl", hash = "sha256:bdc0570be0042d8c616f9afb2c1372cfc5e4aad6563b927ebd3b92e87b3b079a"},
    {file = "mysql_connector_python-8.0.25-cp38-cp38-manylinux1_i686.whl", hash = "sha256:fb9550e89524a5fb51e5400c8dc248575c3b78ab522c84c1881ab3faa394af00"},
    {file = "mysql_connector_python-8.0.25-cp38-cp38-manylinux1_x86_64.whl", hash = "sha256:61d271730ee86372f6ce2c35e1f88a71a31d2a759125ca9ffe20b2e4c5c2519f"},
    {file = "mysql_connector_python-8.0.25-cp38-cp38-win_amd64.whl", hash = "sha256:756832909f1d9e98da71ca0d142f0560ec87e2eb6ecc89424b5f0114dac95420"},
    {file = "mysql_connector_python-8.0.25-cp39-cp39-macosx_11_0_x86_64.whl", hash = "sha256:b277849d0da1267d21b2169db1fdd5b9dcba97d27a8d9fba638a24a44a02c755"},
    {file = "mysql_connector_python-8.0.25-cp39-cp39-manylinux1_i686.whl", hash = "sha256:4338f86fc1ad12956d80c8bc4270dcefd0d07f21b2fe9d45c3840c59057c0122"},
    {file = "mysql_connector_python-8.0.25-cp39-cp39-manylinux1_x86_64.whl", hash = "sha256:0f0e47e51f52e8e0ed30dd8f34fb3c11f649922b6bc18cac0f241e84d58bcd57"},
    {file = "mysql_connector_python-8.0.25-cp39-cp39-win_amd64.whl", hash = "sha256:114aa861028bc3d4718fe870b0aa3a837fc60fc5eea875c51eb317f9b966c71d"},
    {file = "mysql_connector_python-8.0.25-py2.py3-none-any.whl", hash = "sha256:fd3fb83680ede91b7a7d3da4afd7e88adea5d79ba98dfec1fc4158edef7b9c01"},
]
mysqlclient = [
    {file = "mysqlclient-2.0.3-cp36-cp36m-win_amd64.whl", hash = "sha256:3381ca1a4f37ff1155fcfde20836b46416d66531add8843f6aa6d968982731c3"},
    {file = "mysqlclient-2.0.3-cp37-cp37m-win_amd64.whl", hash = "sha256:0ac0dd759c4ca02c35a9fedc24bc982cf75171651e8187c2495ec957a87dfff7"},
    {file = "mysqlclient-2.0.3-cp38-cp38-win_amd64.whl", hash = "sha256:71c4b330cf2313bbda0307fc858cc9055e64493ba9bf28454d25cf8b3ee8d7f5"},
    {file = "mysqlclient-2.0.3-cp39-cp39-win_amd64.whl", hash = "sha256:fc575093cf81b6605bed84653e48b277318b880dc9becf42dd47fa11ffd3e2b6"},
    {file = "mysqlclient-2.0.3.tar.gz", hash = "sha256:f6ebea7c008f155baeefe16c56cd3ee6239f7a5a9ae42396c2f1860f08a7c432"},
]
nodeenv = [
    {file = "nodeenv-1.6.0-py2.py3-none-any.whl", hash = "sha256:621e6b7076565ddcacd2db0294c0381e01fd28945ab36bcf00f41c5daf63bef7"},
    {file = "nodeenv-1.6.0.tar.gz", hash = "sha256:3ef13ff90291ba2a4a7a4ff9a979b63ffdd00a464dbe04acf0ea6471517a4c2b"},
]
numpy = [
    {file = "numpy-1.20.3-cp37-cp37m-macosx_10_9_x86_64.whl", hash = "sha256:70eb5808127284c4e5c9e836208e09d685a7978b6a216db85960b1a112eeace8"},
    {file = "numpy-1.20.3-cp37-cp37m-manylinux_2_12_i686.manylinux2010_i686.whl", hash = "sha256:6ca2b85a5997dabc38301a22ee43c82adcb53ff660b89ee88dded6b33687e1d8"},
    {file = "numpy-1.20.3-cp37-cp37m-manylinux_2_12_x86_64.manylinux2010_x86_64.whl", hash = "sha256:c5bf0e132acf7557fc9bb8ded8b53bbbbea8892f3c9a1738205878ca9434206a"},
    {file = "numpy-1.20.3-cp37-cp37m-manylinux_2_17_aarch64.manylinux2014_aarch64.whl", hash = "sha256:db250fd3e90117e0312b611574cd1b3f78bec046783195075cbd7ba9c3d73f16"},
    {file = "numpy-1.20.3-cp37-cp37m-manylinux_2_5_i686.manylinux1_i686.whl", hash = "sha256:637d827248f447e63585ca3f4a7d2dfaa882e094df6cfa177cc9cf9cd6cdf6d2"},
    {file = "numpy-1.20.3-cp37-cp37m-manylinux_2_5_x86_64.manylinux1_x86_64.whl", hash = "sha256:8b7bb4b9280da3b2856cb1fc425932f46fba609819ee1c62256f61799e6a51d2"},
    {file = "numpy-1.20.3-cp37-cp37m-win32.whl", hash = "sha256:67d44acb72c31a97a3d5d33d103ab06d8ac20770e1c5ad81bdb3f0c086a56cf6"},
    {file = "numpy-1.20.3-cp37-cp37m-win_amd64.whl", hash = "sha256:43909c8bb289c382170e0282158a38cf306a8ad2ff6dfadc447e90f9961bef43"},
    {file = "numpy-1.20.3-cp38-cp38-macosx_10_9_x86_64.whl", hash = "sha256:f1452578d0516283c87608a5a5548b0cdde15b99650efdfd85182102ef7a7c17"},
    {file = "numpy-1.20.3-cp38-cp38-manylinux_2_12_i686.manylinux2010_i686.whl", hash = "sha256:6e51534e78d14b4a009a062641f465cfaba4fdcb046c3ac0b1f61dd97c861b1b"},
    {file = "numpy-1.20.3-cp38-cp38-manylinux_2_12_x86_64.manylinux2010_x86_64.whl", hash = "sha256:e515c9a93aebe27166ec9593411c58494fa98e5fcc219e47260d9ab8a1cc7f9f"},
    {file = "numpy-1.20.3-cp38-cp38-manylinux_2_17_aarch64.manylinux2014_aarch64.whl", hash = "sha256:c1c09247ccea742525bdb5f4b5ceeacb34f95731647fe55774aa36557dbb5fa4"},
    {file = "numpy-1.20.3-cp38-cp38-manylinux_2_5_i686.manylinux1_i686.whl", hash = "sha256:66fbc6fed94a13b9801fb70b96ff30605ab0a123e775a5e7a26938b717c5d71a"},
    {file = "numpy-1.20.3-cp38-cp38-manylinux_2_5_x86_64.manylinux1_x86_64.whl", hash = "sha256:ea9cff01e75a956dbee133fa8e5b68f2f92175233de2f88de3a682dd94deda65"},
    {file = "numpy-1.20.3-cp38-cp38-win32.whl", hash = "sha256:f39a995e47cb8649673cfa0579fbdd1cdd33ea497d1728a6cb194d6252268e48"},
    {file = "numpy-1.20.3-cp38-cp38-win_amd64.whl", hash = "sha256:1676b0a292dd3c99e49305a16d7a9f42a4ab60ec522eac0d3dd20cdf362ac010"},
    {file = "numpy-1.20.3-cp39-cp39-macosx_10_9_x86_64.whl", hash = "sha256:830b044f4e64a76ba71448fce6e604c0fc47a0e54d8f6467be23749ac2cbd2fb"},
    {file = "numpy-1.20.3-cp39-cp39-manylinux_2_12_i686.manylinux2010_i686.whl", hash = "sha256:55b745fca0a5ab738647d0e4db099bd0a23279c32b31a783ad2ccea729e632df"},
    {file = "numpy-1.20.3-cp39-cp39-manylinux_2_12_x86_64.manylinux2010_x86_64.whl", hash = "sha256:5d050e1e4bc9ddb8656d7b4f414557720ddcca23a5b88dd7cff65e847864c400"},
    {file = "numpy-1.20.3-cp39-cp39-manylinux_2_17_aarch64.manylinux2014_aarch64.whl", hash = "sha256:a9c65473ebc342715cb2d7926ff1e202c26376c0dcaaee85a1fd4b8d8c1d3b2f"},
    {file = "numpy-1.20.3-cp39-cp39-win32.whl", hash = "sha256:16f221035e8bd19b9dc9a57159e38d2dd060b48e93e1d843c49cb370b0f415fd"},
    {file = "numpy-1.20.3-cp39-cp39-win_amd64.whl", hash = "sha256:6690080810f77485667bfbff4f69d717c3be25e5b11bb2073e76bb3f578d99b4"},
    {file = "numpy-1.20.3-pp37-pypy37_pp73-manylinux_2_12_x86_64.manylinux2010_x86_64.whl", hash = "sha256:4e465afc3b96dbc80cf4a5273e5e2b1e3451286361b4af70ce1adb2984d392f9"},
    {file = "numpy-1.20.3.zip", hash = "sha256:e55185e51b18d788e49fe8305fd73ef4470596b33fc2c1ceb304566b99c71a69"},
]
pre-commit = [
    {file = "pre_commit-2.13.0-py2.py3-none-any.whl", hash = "sha256:b679d0fddd5b9d6d98783ae5f10fd0c4c59954f375b70a58cbe1ce9bcf9809a4"},
    {file = "pre_commit-2.13.0.tar.gz", hash = "sha256:764972c60693dc668ba8e86eb29654ec3144501310f7198742a767bec385a378"},
]
protobuf = [
    {file = "protobuf-3.17.3-cp27-cp27m-macosx_10_9_x86_64.whl", hash = "sha256:ab6bb0e270c6c58e7ff4345b3a803cc59dbee19ddf77a4719c5b635f1d547aa8"},
    {file = "protobuf-3.17.3-cp27-cp27mu-manylinux_2_5_x86_64.manylinux1_x86_64.whl", hash = "sha256:13ee7be3c2d9a5d2b42a1030976f760f28755fcf5863c55b1460fd205e6cd637"},
    {file = "protobuf-3.17.3-cp35-cp35m-macosx_10_9_intel.whl", hash = "sha256:1556a1049ccec58c7855a78d27e5c6e70e95103b32de9142bae0576e9200a1b0"},
    {file = "protobuf-3.17.3-cp35-cp35m-manylinux_2_5_x86_64.manylinux1_x86_64.whl", hash = "sha256:f0e59430ee953184a703a324b8ec52f571c6c4259d496a19d1cabcdc19dabc62"},
    {file = "protobuf-3.17.3-cp35-cp35m-win32.whl", hash = "sha256:a981222367fb4210a10a929ad5983ae93bd5a050a0824fc35d6371c07b78caf6"},
    {file = "protobuf-3.17.3-cp35-cp35m-win_amd64.whl", hash = "sha256:6d847c59963c03fd7a0cd7c488cadfa10cda4fff34d8bc8cba92935a91b7a037"},
    {file = "protobuf-3.17.3-cp36-cp36m-macosx_10_9_x86_64.whl", hash = "sha256:145ce0af55c4259ca74993ddab3479c78af064002ec8227beb3d944405123c71"},
    {file = "protobuf-3.17.3-cp36-cp36m-manylinux_2_5_x86_64.manylinux1_x86_64.whl", hash = "sha256:6ce4d8bf0321e7b2d4395e253f8002a1a5ffbcfd7bcc0a6ba46712c07d47d0b4"},
    {file = "protobuf-3.17.3-cp36-cp36m-win32.whl", hash = "sha256:7a4c97961e9e5b03a56f9a6c82742ed55375c4a25f2692b625d4087d02ed31b9"},
    {file = "protobuf-3.17.3-cp36-cp36m-win_amd64.whl", hash = "sha256:a22b3a0dbac6544dacbafd4c5f6a29e389a50e3b193e2c70dae6bbf7930f651d"},
    {file = "protobuf-3.17.3-cp37-cp37m-macosx_10_9_x86_64.whl", hash = "sha256:ffea251f5cd3c0b9b43c7a7a912777e0bc86263436a87c2555242a348817221b"},
    {file = "protobuf-3.17.3-cp37-cp37m-manylinux2014_aarch64.whl", hash = "sha256:9b7a5c1022e0fa0dbde7fd03682d07d14624ad870ae52054849d8960f04bc764"},
    {file = "protobuf-3.17.3-cp37-cp37m-manylinux_2_5_x86_64.manylinux1_x86_64.whl", hash = "sha256:8727ee027157516e2c311f218ebf2260a18088ffb2d29473e82add217d196b1c"},
    {file = "protobuf-3.17.3-cp37-cp37m-win32.whl", hash = "sha256:14c1c9377a7ffbeaccd4722ab0aa900091f52b516ad89c4b0c3bb0a4af903ba5"},
    {file = "protobuf-3.17.3-cp37-cp37m-win_amd64.whl", hash = "sha256:c56c050a947186ba51de4f94ab441d7f04fcd44c56df6e922369cc2e1a92d683"},
    {file = "protobuf-3.17.3-cp38-cp38-macosx_10_9_x86_64.whl", hash = "sha256:2ae692bb6d1992afb6b74348e7bb648a75bb0d3565a3f5eea5bec8f62bd06d87"},
    {file = "protobuf-3.17.3-cp38-cp38-manylinux2014_aarch64.whl", hash = "sha256:99938f2a2d7ca6563c0ade0c5ca8982264c484fdecf418bd68e880a7ab5730b1"},
    {file = "protobuf-3.17.3-cp38-cp38-manylinux_2_5_x86_64.manylinux1_x86_64.whl", hash = "sha256:6902a1e4b7a319ec611a7345ff81b6b004b36b0d2196ce7a748b3493da3d226d"},
    {file = "protobuf-3.17.3-cp39-cp39-macosx_10_9_x86_64.whl", hash = "sha256:4ffbd23640bb7403574f7aff8368e2aeb2ec9a5c6306580be48ac59a6bac8bde"},
    {file = "protobuf-3.17.3-cp39-cp39-manylinux2014_aarch64.whl", hash = "sha256:26010f693b675ff5a1d0e1bdb17689b8b716a18709113288fead438703d45539"},
    {file = "protobuf-3.17.3-cp39-cp39-manylinux_2_5_x86_64.manylinux1_x86_64.whl", hash = "sha256:e76d9686e088fece2450dbc7ee905f9be904e427341d289acbe9ad00b78ebd47"},
    {file = "protobuf-3.17.3-py2.py3-none-any.whl", hash = "sha256:2bfb815216a9cd9faec52b16fd2bfa68437a44b67c56bee59bc3926522ecb04e"},
    {file = "protobuf-3.17.3.tar.gz", hash = "sha256:72804ea5eaa9c22a090d2803813e280fb273b62d5ae497aaf3553d141c4fdd7b"},
]
pycodestyle = [
    {file = "pycodestyle-2.7.0-py2.py3-none-any.whl", hash = "sha256:514f76d918fcc0b55c6680472f0a37970994e07bbb80725808c17089be302068"},
    {file = "pycodestyle-2.7.0.tar.gz", hash = "sha256:c389c1d06bf7904078ca03399a4816f974a1d590090fecea0c63ec26ebaf1cef"},
]
pyflakes = [
    {file = "pyflakes-2.3.1-py2.py3-none-any.whl", hash = "sha256:7893783d01b8a89811dd72d7dfd4d84ff098e5eed95cfa8905b22bbffe52efc3"},
    {file = "pyflakes-2.3.1.tar.gz", hash = "sha256:f5bc8ecabc05bb9d291eb5203d6810b49040f6ff446a756326104746cc00c1db"},
]
python-dotenv = [
    {file = "python-dotenv-0.17.1.tar.gz", hash = "sha256:b1ae5e9643d5ed987fc57cc2583021e38db531946518130777734f9589b3141f"},
    {file = "python_dotenv-0.17.1-py2.py3-none-any.whl", hash = "sha256:00aa34e92d992e9f8383730816359647f358f4a3be1ba45e5a5cefd27ee91544"},
]
pytz = [
    {file = "pytz-2021.1-py2.py3-none-any.whl", hash = "sha256:eb10ce3e7736052ed3623d49975ce333bcd712c7bb19a58b9e2089d4057d0798"},
    {file = "pytz-2021.1.tar.gz", hash = "sha256:83a4a90894bf38e243cf052c8b58f381bfe9a7a483f6a9cab140bc7f702ac4da"},
]
pyyaml = [
    {file = "PyYAML-5.4.1-cp27-cp27m-macosx_10_9_x86_64.whl", hash = "sha256:3b2b1824fe7112845700f815ff6a489360226a5609b96ec2190a45e62a9fc922"},
    {file = "PyYAML-5.4.1-cp27-cp27m-win32.whl", hash = "sha256:129def1b7c1bf22faffd67b8f3724645203b79d8f4cc81f674654d9902cb4393"},
    {file = "PyYAML-5.4.1-cp27-cp27m-win_amd64.whl", hash = "sha256:4465124ef1b18d9ace298060f4eccc64b0850899ac4ac53294547536533800c8"},
    {file = "PyYAML-5.4.1-cp27-cp27mu-manylinux1_x86_64.whl", hash = "sha256:bb4191dfc9306777bc594117aee052446b3fa88737cd13b7188d0e7aa8162185"},
    {file = "PyYAML-5.4.1-cp36-cp36m-macosx_10_9_x86_64.whl", hash = "sha256:6c78645d400265a062508ae399b60b8c167bf003db364ecb26dcab2bda048253"},
    {file = "PyYAML-5.4.1-cp36-cp36m-manylinux1_x86_64.whl", hash = "sha256:4e0583d24c881e14342eaf4ec5fbc97f934b999a6828693a99157fde912540cc"},
    {file = "PyYAML-5.4.1-cp36-cp36m-manylinux2014_aarch64.whl", hash = "sha256:72a01f726a9c7851ca9bfad6fd09ca4e090a023c00945ea05ba1638c09dc3347"},
    {file = "PyYAML-5.4.1-cp36-cp36m-manylinux2014_s390x.whl", hash = "sha256:895f61ef02e8fed38159bb70f7e100e00f471eae2bc838cd0f4ebb21e28f8541"},
    {file = "PyYAML-5.4.1-cp36-cp36m-win32.whl", hash = "sha256:3bd0e463264cf257d1ffd2e40223b197271046d09dadf73a0fe82b9c1fc385a5"},
    {file = "PyYAML-5.4.1-cp36-cp36m-win_amd64.whl", hash = "sha256:e4fac90784481d221a8e4b1162afa7c47ed953be40d31ab4629ae917510051df"},
    {file = "PyYAML-5.4.1-cp37-cp37m-macosx_10_9_x86_64.whl", hash = "sha256:5accb17103e43963b80e6f837831f38d314a0495500067cb25afab2e8d7a4018"},
    {file = "PyYAML-5.4.1-cp37-cp37m-manylinux1_x86_64.whl", hash = "sha256:e1d4970ea66be07ae37a3c2e48b5ec63f7ba6804bdddfdbd3cfd954d25a82e63"},
    {file = "PyYAML-5.4.1-cp37-cp37m-manylinux2014_aarch64.whl", hash = "sha256:cb333c16912324fd5f769fff6bc5de372e9e7a202247b48870bc251ed40239aa"},
    {file = "PyYAML-5.4.1-cp37-cp37m-manylinux2014_s390x.whl", hash = "sha256:fe69978f3f768926cfa37b867e3843918e012cf83f680806599ddce33c2c68b0"},
    {file = "PyYAML-5.4.1-cp37-cp37m-win32.whl", hash = "sha256:dd5de0646207f053eb0d6c74ae45ba98c3395a571a2891858e87df7c9b9bd51b"},
    {file = "PyYAML-5.4.1-cp37-cp37m-win_amd64.whl", hash = "sha256:08682f6b72c722394747bddaf0aa62277e02557c0fd1c42cb853016a38f8dedf"},
    {file = "PyYAML-5.4.1-cp38-cp38-macosx_10_9_x86_64.whl", hash = "sha256:d2d9808ea7b4af864f35ea216be506ecec180628aced0704e34aca0b040ffe46"},
    {file = "PyYAML-5.4.1-cp38-cp38-manylinux1_x86_64.whl", hash = "sha256:8c1be557ee92a20f184922c7b6424e8ab6691788e6d86137c5d93c1a6ec1b8fb"},
    {file = "PyYAML-5.4.1-cp38-cp38-manylinux2014_aarch64.whl", hash = "sha256:fd7f6999a8070df521b6384004ef42833b9bd62cfee11a09bda1079b4b704247"},
    {file = "PyYAML-5.4.1-cp38-cp38-manylinux2014_s390x.whl", hash = "sha256:bfb51918d4ff3d77c1c856a9699f8492c612cde32fd3bcd344af9be34999bfdc"},
    {file = "PyYAML-5.4.1-cp38-cp38-win32.whl", hash = "sha256:fa5ae20527d8e831e8230cbffd9f8fe952815b2b7dae6ffec25318803a7528fc"},
    {file = "PyYAML-5.4.1-cp38-cp38-win_amd64.whl", hash = "sha256:0f5f5786c0e09baddcd8b4b45f20a7b5d61a7e7e99846e3c799b05c7c53fa696"},
    {file = "PyYAML-5.4.1-cp39-cp39-macosx_10_9_x86_64.whl", hash = "sha256:294db365efa064d00b8d1ef65d8ea2c3426ac366c0c4368d930bf1c5fb497f77"},
    {file = "PyYAML-5.4.1-cp39-cp39-manylinux1_x86_64.whl", hash = "sha256:74c1485f7707cf707a7aef42ef6322b8f97921bd89be2ab6317fd782c2d53183"},
    {file = "PyYAML-5.4.1-cp39-cp39-manylinux2014_aarch64.whl", hash = "sha256:d483ad4e639292c90170eb6f7783ad19490e7a8defb3e46f97dfe4bacae89122"},
    {file = "PyYAML-5.4.1-cp39-cp39-manylinux2014_s390x.whl", hash = "sha256:fdc842473cd33f45ff6bce46aea678a54e3d21f1b61a7750ce3c498eedfe25d6"},
    {file = "PyYAML-5.4.1-cp39-cp39-win32.whl", hash = "sha256:49d4cdd9065b9b6e206d0595fee27a96b5dd22618e7520c33204a4a3239d5b10"},
    {file = "PyYAML-5.4.1-cp39-cp39-win_amd64.whl", hash = "sha256:c20cfa2d49991c8b4147af39859b167664f2ad4561704ee74c1de03318e898db"},
    {file = "PyYAML-5.4.1.tar.gz", hash = "sha256:607774cbba28732bfa802b54baa7484215f530991055bb562efbed5b2f20a45e"},
]
requests = [
    {file = "requests-2.25.1-py2.py3-none-any.whl", hash = "sha256:c210084e36a42ae6b9219e00e48287def368a26d03a048ddad7bfee44f75871e"},
    {file = "requests-2.25.1.tar.gz", hash = "sha256:27973dd4a904a4f13b263a19c866c13b92a39ed1c964655f025f3f8d3d75b804"},
]
scikit-learn = [
    {file = "scikit-learn-0.24.2.tar.gz", hash = "sha256:d14701a12417930392cd3898e9646cf5670c190b933625ebe7511b1f7d7b8736"},
    {file = "scikit_learn-0.24.2-cp36-cp36m-macosx_10_13_x86_64.whl", hash = "sha256:d5bf9c863ba4717b3917b5227463ee06860fc43931dc9026747de416c0a10fee"},
    {file = "scikit_learn-0.24.2-cp36-cp36m-manylinux1_i686.whl", hash = "sha256:5beaeb091071625e83f5905192d8aecde65ba2f26f8b6719845bbf586f7a04a1"},
    {file = "scikit_learn-0.24.2-cp36-cp36m-manylinux1_x86_64.whl", hash = "sha256:06ffdcaaf81e2a3b1b50c3ac6842cfb13df2d8b737d61f64643ed61da7389cde"},
    {file = "scikit_learn-0.24.2-cp36-cp36m-manylinux2010_i686.whl", hash = "sha256:fec42690a2eb646b384eafb021c425fab48991587edb412d4db77acc358b27ce"},
    {file = "scikit_learn-0.24.2-cp36-cp36m-manylinux2010_x86_64.whl", hash = "sha256:5ff3e4e4cf7592d36541edec434e09fb8ab9ba6b47608c4ffe30c9038d301897"},
    {file = "scikit_learn-0.24.2-cp36-cp36m-manylinux2014_aarch64.whl", hash = "sha256:3cbd734e1aefc7c5080e6b6973fe062f97c26a1cdf1a991037ca196ce1c8f427"},
    {file = "scikit_learn-0.24.2-cp36-cp36m-win32.whl", hash = "sha256:f74429a07fedb36a03c159332b914e6de757176064f9fed94b5f79ebac07d913"},
    {file = "scikit_learn-0.24.2-cp36-cp36m-win_amd64.whl", hash = "sha256:dd968a174aa82f3341a615a033fa6a8169e9320cbb46130686562db132d7f1f0"},
    {file = "scikit_learn-0.24.2-cp37-cp37m-macosx_10_13_x86_64.whl", hash = "sha256:49ec0b1361da328da9bb7f1a162836028e72556356adeb53342f8fae6b450d47"},
    {file = "scikit_learn-0.24.2-cp37-cp37m-manylinux1_i686.whl", hash = "sha256:f18c3ed484eeeaa43a0d45dc2efb4d00fc6542ccdcfa2c45d7b635096a2ae534"},
    {file = "scikit_learn-0.24.2-cp37-cp37m-manylinux1_x86_64.whl", hash = "sha256:cdf24c1b9bbeb4936456b42ac5bd32c60bb194a344951acb6bfb0cddee5439a4"},
    {file = "scikit_learn-0.24.2-cp37-cp37m-manylinux2010_i686.whl", hash = "sha256:d177fe1ff47cc235942d628d41ee5b1c6930d8f009f1a451c39b5411e8d0d4cf"},
    {file = "scikit_learn-0.24.2-cp37-cp37m-manylinux2010_x86_64.whl", hash = "sha256:f3ec00f023d84526381ad0c0f2cff982852d035c921bbf8ceb994f4886c00c64"},
    {file = "scikit_learn-0.24.2-cp37-cp37m-manylinux2014_aarch64.whl", hash = "sha256:ae19ac105cf7ce8c205a46166992fdec88081d6e783ab6e38ecfbe45729f3c39"},
    {file = "scikit_learn-0.24.2-cp37-cp37m-win32.whl", hash = "sha256:f0ed4483c258fb23150e31b91ea7d25ff8495dba108aea0b0d4206a777705350"},
    {file = "scikit_learn-0.24.2-cp37-cp37m-win_amd64.whl", hash = "sha256:39b7e3b71bcb1fe46397185d6c1a5db1c441e71c23c91a31e7ad8cc3f7305f9a"},
    {file = "scikit_learn-0.24.2-cp38-cp38-macosx_10_13_x86_64.whl", hash = "sha256:90a297330f608adeb4d2e9786c6fda395d3150739deb3d42a86d9a4c2d15bc1d"},
    {file = "scikit_learn-0.24.2-cp38-cp38-manylinux1_i686.whl", hash = "sha256:f1d2108e770907540b5248977e4cff9ffaf0f73d0d13445ee938df06ca7579c6"},
    {file = "scikit_learn-0.24.2-cp38-cp38-manylinux1_x86_64.whl", hash = "sha256:1eec963fe9ffc827442c2e9333227c4d49749a44e592f305398c1db5c1563393"},
    {file = "scikit_learn-0.24.2-cp38-cp38-manylinux2010_i686.whl", hash = "sha256:2db429090b98045d71218a9ba913cc9b3fe78e0ba0b6b647d8748bc6d5a44080"},
    {file = "scikit_learn-0.24.2-cp38-cp38-manylinux2010_x86_64.whl", hash = "sha256:62214d2954377fcf3f31ec867dd4e436df80121e7a32947a0b3244f58f45e455"},
    {file = "scikit_learn-0.24.2-cp38-cp38-manylinux2014_aarch64.whl", hash = "sha256:8fac72b9688176922f9f54fda1ba5f7ffd28cbeb9aad282760186e8ceba9139a"},
    {file = "scikit_learn-0.24.2-cp38-cp38-win32.whl", hash = "sha256:ae426e3a52842c6b6d77d00f906b6031c8c2cfdfabd6af7511bb4bc9a68d720e"},
    {file = "scikit_learn-0.24.2-cp38-cp38-win_amd64.whl", hash = "sha256:038f4e9d6ef10e1f3fe82addc3a14735c299866eb10f2c77c090410904828312"},
    {file = "scikit_learn-0.24.2-cp39-cp39-macosx_10_13_x86_64.whl", hash = "sha256:48f273836e19901ba2beecd919f7b352f09310ce67c762f6e53bc6b81cacf1f0"},
    {file = "scikit_learn-0.24.2-cp39-cp39-manylinux1_i686.whl", hash = "sha256:a2a47449093dcf70babc930beba2ca0423cb7df2fa5fd76be5260703d67fa574"},
    {file = "scikit_learn-0.24.2-cp39-cp39-manylinux1_x86_64.whl", hash = "sha256:0e71ce9c7cbc20f6f8b860107ce15114da26e8675238b4b82b7e7cd37ca0c087"},
    {file = "scikit_learn-0.24.2-cp39-cp39-manylinux2010_i686.whl", hash = "sha256:2754c85b2287333f9719db7f23fb7e357f436deed512db3417a02bf6f2830aa5"},
    {file = "scikit_learn-0.24.2-cp39-cp39-manylinux2010_x86_64.whl", hash = "sha256:7be1b88c23cfac46e06404582215a917017cd2edaa2e4d40abe6aaff5458f24b"},
    {file = "scikit_learn-0.24.2-cp39-cp39-manylinux2014_aarch64.whl", hash = "sha256:4e6198675a6f9d333774671bd536668680eea78e2e81c0b19e57224f58d17f37"},
    {file = "scikit_learn-0.24.2-cp39-cp39-win32.whl", hash = "sha256:cbdb0b3db99dd1d5f69d31b4234367d55475add31df4d84a3bd690ef017b55e2"},
    {file = "scikit_learn-0.24.2-cp39-cp39-win_amd64.whl", hash = "sha256:40556bea1ef26ef54bc678d00cf138a63069144a0b5f3a436eecd8f3468b903e"},
]
scipy = [
    {file = "scipy-1.6.1-cp37-cp37m-macosx_10_9_x86_64.whl", hash = "sha256:a15a1f3fc0abff33e792d6049161b7795909b40b97c6cc2934ed54384017ab76"},
    {file = "scipy-1.6.1-cp37-cp37m-manylinux1_i686.whl", hash = "sha256:e79570979ccdc3d165456dd62041d9556fb9733b86b4b6d818af7a0afc15f092"},
    {file = "scipy-1.6.1-cp37-cp37m-manylinux1_x86_64.whl", hash = "sha256:a423533c55fec61456dedee7b6ee7dce0bb6bfa395424ea374d25afa262be261"},
    {file = "scipy-1.6.1-cp37-cp37m-manylinux2014_aarch64.whl", hash = "sha256:33d6b7df40d197bdd3049d64e8e680227151673465e5d85723b3b8f6b15a6ced"},
    {file = "scipy-1.6.1-cp37-cp37m-win32.whl", hash = "sha256:6725e3fbb47da428794f243864f2297462e9ee448297c93ed1dcbc44335feb78"},
    {file = "scipy-1.6.1-cp37-cp37m-win_amd64.whl", hash = "sha256:5fa9c6530b1661f1370bcd332a1e62ca7881785cc0f80c0d559b636567fab63c"},
    {file = "scipy-1.6.1-cp38-cp38-macosx_10_9_x86_64.whl", hash = "sha256:bd50daf727f7c195e26f27467c85ce653d41df4358a25b32434a50d8870fc519"},
    {file = "scipy-1.6.1-cp38-cp38-manylinux1_i686.whl", hash = "sha256:f46dd15335e8a320b0fb4685f58b7471702234cba8bb3442b69a3e1dc329c345"},
    {file = "scipy-1.6.1-cp38-cp38-manylinux1_x86_64.whl", hash = "sha256:0e5b0ccf63155d90da576edd2768b66fb276446c371b73841e3503be1d63fb5d"},
    {file = "scipy-1.6.1-cp38-cp38-manylinux2014_aarch64.whl", hash = "sha256:2481efbb3740977e3c831edfd0bd9867be26387cacf24eb5e366a6a374d3d00d"},
    {file = "scipy-1.6.1-cp38-cp38-win32.whl", hash = "sha256:68cb4c424112cd4be886b4d979c5497fba190714085f46b8ae67a5e4416c32b4"},
    {file = "scipy-1.6.1-cp38-cp38-win_amd64.whl", hash = "sha256:5f331eeed0297232d2e6eea51b54e8278ed8bb10b099f69c44e2558c090d06bf"},
    {file = "scipy-1.6.1-cp39-cp39-macosx_10_9_x86_64.whl", hash = "sha256:0c8a51d33556bf70367452d4d601d1742c0e806cd0194785914daf19775f0e67"},
    {file = "scipy-1.6.1-cp39-cp39-manylinux1_i686.whl", hash = "sha256:83bf7c16245c15bc58ee76c5418e46ea1811edcc2e2b03041b804e46084ab627"},
    {file = "scipy-1.6.1-cp39-cp39-manylinux1_x86_64.whl", hash = "sha256:794e768cc5f779736593046c9714e0f3a5940bc6dcc1dba885ad64cbfb28e9f0"},
    {file = "scipy-1.6.1-cp39-cp39-manylinux2014_aarch64.whl", hash = "sha256:5da5471aed911fe7e52b86bf9ea32fb55ae93e2f0fac66c32e58897cfb02fa07"},
    {file = "scipy-1.6.1-cp39-cp39-win32.whl", hash = "sha256:8e403a337749ed40af60e537cc4d4c03febddcc56cd26e774c9b1b600a70d3e4"},
    {file = "scipy-1.6.1-cp39-cp39-win_amd64.whl", hash = "sha256:a5193a098ae9f29af283dcf0041f762601faf2e595c0db1da929875b7570353f"},
    {file = "scipy-1.6.1.tar.gz", hash = "sha256:c4fceb864890b6168e79b0e714c585dbe2fd4222768ee90bc1aa0f8218691b11"},
]
selenium = [
    {file = "selenium-3.141.0-py2.py3-none-any.whl", hash = "sha256:2d7131d7bc5a5b99a2d9b04aaf2612c411b03b8ca1b1ee8d3de5845a9be2cb3c"},
    {file = "selenium-3.141.0.tar.gz", hash = "sha256:deaf32b60ad91a4611b98d8002757f29e6f2c2d5fcaf202e1c9ad06d6772300d"},
]
six = [
    {file = "six-1.16.0-py2.py3-none-any.whl", hash = "sha256:8abb2f1d86890a2dfb989f9a77cfcfd3e47c2a354b01111771326f8aa26e0254"},
    {file = "six-1.16.0.tar.gz", hash = "sha256:1e61c37477a1626458e36f7b1d82aa5c9b094fa4802892072e49de9c60c4c926"},
]
sklearn = [
    {file = "sklearn-0.0.tar.gz", hash = "sha256:e23001573aa194b834122d2b9562459bf5ae494a2d59ca6b8aa22c85a44c0e31"},
]
soupsieve = [
    {file = "soupsieve-2.2.1-py3-none-any.whl", hash = "sha256:c2c1c2d44f158cdbddab7824a9af8c4f83c76b1e23e049479aa432feb6c4c23b"},
    {file = "soupsieve-2.2.1.tar.gz", hash = "sha256:052774848f448cf19c7e959adf5566904d525f33a3f8b6ba6f6f8f26ec7de0cc"},
]
sqlparse = [
    {file = "sqlparse-0.4.1-py3-none-any.whl", hash = "sha256:017cde379adbd6a1f15a61873f43e8274179378e95ef3fede90b5aa64d304ed0"},
    {file = "sqlparse-0.4.1.tar.gz", hash = "sha256:0f91fd2e829c44362cbcfab3e9ae12e22badaa8a29ad5ff599f9ec109f0454e8"},
]
threadpoolctl = [
    {file = "threadpoolctl-2.1.0-py3-none-any.whl", hash = "sha256:38b74ca20ff3bb42caca8b00055111d74159ee95c4370882bbff2b93d24da725"},
    {file = "threadpoolctl-2.1.0.tar.gz", hash = "sha256:ddc57c96a38beb63db45d6c159b5ab07b6bced12c45a1f07b2b92f272aebfa6b"},
]
toml = [
    {file = "toml-0.10.2-py2.py3-none-any.whl", hash = "sha256:806143ae5bfb6a3c6e736a764057db0e6a0e05e338b5630894a5f779cabb4f9b"},
    {file = "toml-0.10.2.tar.gz", hash = "sha256:b3bda1d108d5dd99f4a20d24d9c348e91c4db7ab1b749200bded2f839ccbe68f"},
]
urllib3 = [
    {file = "urllib3-1.26.5-py2.py3-none-any.whl", hash = "sha256:753a0374df26658f99d826cfe40394a686d05985786d946fbe4165b5148f5a7c"},
    {file = "urllib3-1.26.5.tar.gz", hash = "sha256:a7acd0977125325f516bda9735fa7142b909a8d01e8b2e4c8108d0984e6e0098"},
]
virtualenv = [
    {file = "virtualenv-20.4.7-py2.py3-none-any.whl", hash = "sha256:2b0126166ea7c9c3661f5b8e06773d28f83322de7a3ff7d06f0aed18c9de6a76"},
    {file = "virtualenv-20.4.7.tar.gz", hash = "sha256:14fdf849f80dbb29a4eb6caa9875d476ee2a5cf76a5f5415fa2f1606010ab467"},
]
